
Microsoft Visual Studio Solution File, Format Version 12.00
# Visual Studio 15
VisualStudioVersion = 15.0.28307.421
MinimumVisualStudioVersion = 10.0.40219.1
Project("{FAE04EC0-301F-11D3-BF4B-00C04F79EFBC}") = "CM.Api", "CM.Api\CM.Api.csproj", "{10C23282-9014-45B2-BE46-C8A6BC634EDE}"
EndProject
Project("{FAE04EC0-301F-11D3-BF4B-00C04F79EFBC}") = "CM.Models", "CM.Models\CM.Models.csproj", "{D24FAE82-AD6F-46FA-9C0A-07D5450D2480}"
EndProject
Project("{FAE04EC0-301F-11D3-BF4B-00C04F79EFBC}") = "CM.BLL", "CM.BLL\CM.BLL.csproj", "{84AF1448-CC03-4DB7-835E-1108DB60C919}"
EndProject
Global
	GlobalSection(SolutionConfigurationPlatforms) = preSolution
		Debug|Any CPU = Debug|Any CPU
		Release|Any CPU = Release|Any CPU
	EndGlobalSection
	GlobalSection(ProjectConfigurationPlatforms) = postSolution
		{10C23282-9014-45B2-BE46-C8A6BC634EDE}.Debug|Any CPU.ActiveCfg = Debug|Any CPU
		{10C23282-9014-45B2-BE46-C8A6BC634EDE}.Debug|Any CPU.Build.0 = Debug|Any CPU
		{10C23282-9014-45B2-BE46-C8A6BC634EDE}.Release|Any CPU.ActiveCfg = Release|Any CPU
		{10C23282-9014-45B2-BE46-C8A6BC634EDE}.Release|Any CPU.Build.0 = Release|Any CPU
		{D24FAE82-AD6F-46FA-9C0A-07D5450D2480}.Debug|Any CPU.ActiveCfg = Debug|Any CPU
		{D24FAE82-AD6F-46FA-9C0A-07D5450D2480}.Debug|Any CPU.Build.0 = Debug|Any CPU
		{D24FAE82-AD6F-46FA-9C0A-07D5450D2480}.Release|Any CPU.ActiveCfg = Release|Any CPU
		{D24FAE82-AD6F-46FA-9C0A-07D5450D2480}.Release|Any CPU.Build.0 = Release|Any CPU
		{84AF1448-CC03-4DB7-835E-1108DB60C919}.Debug|Any CPU.ActiveCfg = Debug|Any CPU
		{84AF1448-CC03-4DB7-835E-1108DB60C919}.Debug|Any CPU.Build.0 = Debug|Any CPU
		{84AF1448-CC03-4DB7-835E-1108DB60C919}.Release|Any CPU.ActiveCfg = Release|Any CPU
		{84AF1448-CC03-4DB7-835E-1108DB60C919}.Release|Any CPU.Build.0 = Release|Any CPU
	EndGlobalSection
	GlobalSection(SolutionProperties) = preSolution
		HideSolutionNode = FALSE
	EndGlobalSection
	GlobalSection(ExtensibilityGlobals) = postSolution
		SolutionGuid = {AF6C58E6-F73D-424C-B4BC-884D5CA58DA3}
	EndGlobalSection
EndGlobal
